
Microsoft Visual Studio Solution File, Format Version 12.00
# Visual Studio Version 17
VisualStudioVersion = 17.5.33516.290
MinimumVisualStudioVersion = 10.0.40219.1
Project("{9A19103F-16F7-4668-BE54-9A1E7A4F7556}") = "UsmanovBochkarev", "UsmanovBochkarev\UsmanovBochkarev.csproj", "{20373A7D-921B-4808-8C40-F5ED486E2639}"
EndProject
Global
	GlobalSection(SolutionConfigurationPlatforms) = preSolution
		Debug|Any CPU = Debug|Any CPU
		Release|Any CPU = Release|Any CPU
	EndGlobalSection
	GlobalSection(ProjectConfigurationPlatforms) = postSolution
		{20373A7D-921B-4808-8C40-F5ED486E2639}.Debug|Any CPU.ActiveCfg = Debug|Any CPU
		{20373A7D-921B-4808-8C40-F5ED486E2639}.Debug|Any CPU.Build.0 = Debug|Any CPU
		{20373A7D-921B-4808-8C40-F5ED486E2639}.Release|Any CPU.ActiveCfg = Release|Any CPU
		{20373A7D-921B-4808-8C40-F5ED486E2639}.Release|Any CPU.Build.0 = Release|Any CPU
	EndGlobalSection
	GlobalSection(SolutionProperties) = preSolution
		HideSolutionNode = FALSE
	EndGlobalSection
	GlobalSection(ExtensibilityGlobals) = postSolution
		SolutionGuid = {E9AA0087-F8E8-40A5-A607-E9471EBDD01F}
	EndGlobalSection
EndGlobal
